
Microsoft Visual Studio Solution File, Format Version 12.00
# Visual Studio Version 16
VisualStudioVersion = 16.0.29709.97
MinimumVisualStudioVersion = 10.0.40219.1
Project("{FAE04EC0-301F-11D3-BF4B-00C04F79EFBC}") = "SyncronizerTeamWork", "SyncronizerTeamWork\SyncronizerTeamWork.csproj", "{E5823A4B-7B35-4584-A2CB-5C815EA9C3D1}"
EndProject
Global
	GlobalSection(SolutionConfigurationPlatforms) = preSolution
		Debug|Any CPU = Debug|Any CPU
		Release|Any CPU = Release|Any CPU
	EndGlobalSection
	GlobalSection(ProjectConfigurationPlatforms) = postSolution
		{E5823A4B-7B35-4584-A2CB-5C815EA9C3D1}.Debug|Any CPU.ActiveCfg = Debug|Any CPU
		{E5823A4B-7B35-4584-A2CB-5C815EA9C3D1}.Debug|Any CPU.Build.0 = Debug|Any CPU
		{E5823A4B-7B35-4584-A2CB-5C815EA9C3D1}.Release|Any CPU.ActiveCfg = Release|Any CPU
		{E5823A4B-7B35-4584-A2CB-5C815EA9C3D1}.Release|Any CPU.Build.0 = Release|Any CPU
	EndGlobalSection
	GlobalSection(SolutionProperties) = preSolution
		HideSolutionNode = FALSE
	EndGlobalSection
	GlobalSection(ExtensibilityGlobals) = postSolution
		SolutionGuid = {8A148DF0-09D0-4C41-AA91-C26B79B9D31A}
	EndGlobalSection
EndGlobal
